
Microsoft Visual Studio Solution File, Format Version 12.00
# Visual Studio Version 17
VisualStudioVersion = 17.13.35919.96 d17.13
MinimumVisualStudioVersion = 10.0.40219.1
Project("{FAE04EC0-301F-11D3-BF4B-00C04F79EFBC}") = "Task2", "Task2\Task2.csproj", "{57F83712-3F12-40DB-B91D-9EF0EA5BA45E}"
EndProject
Global
	GlobalSection(SolutionConfigurationPlatforms) = preSolution
		Debug|Any CPU = Debug|Any CPU
		Release|Any CPU = Release|Any CPU
	EndGlobalSection
	GlobalSection(ProjectConfigurationPlatforms) = postSolution
		{57F83712-3F12-40DB-B91D-9EF0EA5BA45E}.Debug|Any CPU.ActiveCfg = Debug|Any CPU
		{57F83712-3F12-40DB-B91D-9EF0EA5BA45E}.Debug|Any CPU.Build.0 = Debug|Any CPU
		{57F83712-3F12-40DB-B91D-9EF0EA5BA45E}.Release|Any CPU.ActiveCfg = Release|Any CPU
		{57F83712-3F12-40DB-B91D-9EF0EA5BA45E}.Release|Any CPU.Build.0 = Release|Any CPU
	EndGlobalSection
	GlobalSection(SolutionProperties) = preSolution
		HideSolutionNode = FALSE
	EndGlobalSection
	GlobalSection(ExtensibilityGlobals) = postSolution
		SolutionGuid = {C359D0CA-9541-4F32-97C8-FE9AC53E74DD}
	EndGlobalSection
EndGlobal
